
Microsoft Visual Studio Solution File, Format Version 12.00
# Visual Studio Version 17
VisualStudioVersion = 17.14.36616.10 d17.14
MinimumVisualStudioVersion = 10.0.40219.1
Project("{FAE04EC0-301F-11D3-BF4B-00C04F79EFBC}") = "CSHARP260219", "CSHARP260219.csproj", "{2838588B-8956-40E3-A54D-090F4E2AB7BC}"
EndProject
Global
	GlobalSection(SolutionConfigurationPlatforms) = preSolution
		Debug|Any CPU = Debug|Any CPU
		Release|Any CPU = Release|Any CPU
	EndGlobalSection
	GlobalSection(ProjectConfigurationPlatforms) = postSolution
		{2838588B-8956-40E3-A54D-090F4E2AB7BC}.Debug|Any CPU.ActiveCfg = Debug|Any CPU
		{2838588B-8956-40E3-A54D-090F4E2AB7BC}.Debug|Any CPU.Build.0 = Debug|Any CPU
		{2838588B-8956-40E3-A54D-090F4E2AB7BC}.Release|Any CPU.ActiveCfg = Release|Any CPU
		{2838588B-8956-40E3-A54D-090F4E2AB7BC}.Release|Any CPU.Build.0 = Release|Any CPU
	EndGlobalSection
	GlobalSection(SolutionProperties) = preSolution
		HideSolutionNode = FALSE
	EndGlobalSection
	GlobalSection(ExtensibilityGlobals) = postSolution
		SolutionGuid = {693A330B-8044-4C9D-8FA3-0F38D99C1129}
	EndGlobalSection
EndGlobal
